<Solution>
  <Project Path="MangaT.API/MangaT.API.csproj" />
  <Project Path="MangaT.ApplicationCore/MangaT.ApplicationCore.csproj" />
  <Project Path="MangaT.Domain/MangaT.Domain.csproj" />
  <Project Path="MangaT.Infrastructure/MangaT.Infrastructure.csproj" />
  <Project Path="MangaT.Tests.Integration/MangaT.Tests.Integration.csproj" />
  <Project Path="MangaT.Tests.Unit/MangaT.Tests.Unit.csproj" />
</Solution>
